
Microsoft Visual Studio Solution File, Format Version 12.00
# Visual Studio Version 17
VisualStudioVersion = 17.14.36203.30 d17.14
MinimumVisualStudioVersion = 10.0.40219.1
Project("{FAE04EC0-301F-11D3-BF4B-00C04F79EFBC}") = "Venduxe", "Venduxe.csproj", "{B2DF2425-68A0-4160-9C08-2890690AAC15}"
EndProject
Global
	GlobalSection(SolutionConfigurationPlatforms) = preSolution
		Debug|Any CPU = Debug|Any CPU
		Release|Any CPU = Release|Any CPU
	EndGlobalSection
	GlobalSection(ProjectConfigurationPlatforms) = postSolution
		{B2DF2425-68A0-4160-9C08-2890690AAC15}.Debug|Any CPU.ActiveCfg = Debug|Any CPU
		{B2DF2425-68A0-4160-9C08-2890690AAC15}.Debug|Any CPU.Build.0 = Debug|Any CPU
		{B2DF2425-68A0-4160-9C08-2890690AAC15}.Release|Any CPU.ActiveCfg = Release|Any CPU
		{B2DF2425-68A0-4160-9C08-2890690AAC15}.Release|Any CPU.Build.0 = Release|Any CPU
	EndGlobalSection
	GlobalSection(SolutionProperties) = preSolution
		HideSolutionNode = FALSE
	EndGlobalSection
	GlobalSection(ExtensibilityGlobals) = postSolution
		SolutionGuid = {B39DD7BA-4A1F-42F6-AF46-F6F1FB1DE6F1}
	EndGlobalSection
EndGlobal
